
Microsoft Visual Studio Solution File, Format Version 12.00
# Visual Studio Version 17
VisualStudioVersion = 17.12.35707.178 d17.12
MinimumVisualStudioVersion = 10.0.40219.1
Project("{FAE04EC0-301F-11D3-BF4B-00C04F79EFBC}") = "AppiumCSharp", "AppiumCSharp.csproj", "{AC40422C-CAD8-477B-9D26-5DCFDF636001}"
EndProject
Global
	GlobalSection(SolutionConfigurationPlatforms) = preSolution
		Android|Any CPU = Android|Any CPU
		Debug|Any CPU = Debug|Any CPU
		Release|Any CPU = Release|Any CPU
	EndGlobalSection
	GlobalSection(ProjectConfigurationPlatforms) = postSolution
		{AC40422C-CAD8-477B-9D26-5DCFDF636001}.Android|Any CPU.ActiveCfg = Android|Any CPU
		{AC40422C-CAD8-477B-9D26-5DCFDF636001}.Android|Any CPU.Build.0 = Android|Any CPU
		{AC40422C-CAD8-477B-9D26-5DCFDF636001}.Debug|Any CPU.ActiveCfg = Debug|Any CPU
		{AC40422C-CAD8-477B-9D26-5DCFDF636001}.Debug|Any CPU.Build.0 = Debug|Any CPU
		{AC40422C-CAD8-477B-9D26-5DCFDF636001}.Release|Any CPU.ActiveCfg = Release|Any CPU
		{AC40422C-CAD8-477B-9D26-5DCFDF636001}.Release|Any CPU.Build.0 = Release|Any CPU
	EndGlobalSection
	GlobalSection(SolutionProperties) = preSolution
		HideSolutionNode = FALSE
	EndGlobalSection
EndGlobal
